{"is_source_file": false, "format": "", "description": "", "external_files": [], "external_methods": [], "published": [], "classes": [], "methods": [], "calls": [], "search-terms": [], "state": 2, "file_id": 16, "knowledge_revision": 29, "git_revision": "3390c6d0b979804b908a148f6466a748bc9ed3e6", "hash": "9c4ed7ef73e22b872b8055bec08b8979", "format-version": 4, "code-base-name": "default", "filename": "quizgenie_frontend/post_process_status.lock", "revision_history": [{"29": "3390c6d0b979804b908a148f6466a748bc9ed3e6"}]}